
Microsoft Visual Studio Solution File, Format Version 12.00
# Visual Studio Version 17
VisualStudioVersion = 17.14.36301.6
MinimumVisualStudioVersion = 10.0.40219.1
Project("{FAE04EC0-301F-11D3-BF4B-00C04F79EFBC}") = "CraftyCode", "CraftyCode\CraftyCode.csproj", "{27DC6E9A-F09A-470C-A3E1-B98CA90FC0DF}"
EndProject
Project("{FAE04EC0-301F-11D3-BF4B-00C04F79EFBC}") = "CraftyCompiler", "Tester\CraftyCompiler.csproj", "{D00A5C10-DF7C-42DF-B7F8-CC8AC7996C6B}"
	ProjectSection(ProjectDependencies) = postProject
		{27DC6E9A-F09A-470C-A3E1-B98CA90FC0DF} = {27DC6E9A-F09A-470C-A3E1-B98CA90FC0DF}
	EndProjectSection
EndProject
Project("{FAE04EC0-301F-11D3-BF4B-00C04F79EFBC}") = "SimpleTester", "SimpleTester\SimpleTester.csproj", "{FB3E51CD-3878-4657-A615-EEB06A55AE16}"
EndProject
Project("{2150E333-8FDC-42A3-9474-1A3956D46DE8}") = "Solution Items", "Solution Items", "{02EA681E-C7D8-13C7-8484-4AC65E1B71E8}"
	ProjectSection(SolutionItems) = preProject
		.editorconfig = .editorconfig
	EndProjectSection
EndProject
Project("{7CF6DF6D-3B04-46F8-A40B-537D21BCA0B4}") = "DocCC", "DocCC\DocCC.shfbproj", "{20216ECF-B8DB-4348-9A96-1F9C330BE948}"
EndProject
Global
	GlobalSection(SolutionConfigurationPlatforms) = preSolution
		Debug|Any CPU = Debug|Any CPU
		Release|Any CPU = Release|Any CPU
	EndGlobalSection
	GlobalSection(ProjectConfigurationPlatforms) = postSolution
		{27DC6E9A-F09A-470C-A3E1-B98CA90FC0DF}.Debug|Any CPU.ActiveCfg = Debug|Any CPU
		{27DC6E9A-F09A-470C-A3E1-B98CA90FC0DF}.Debug|Any CPU.Build.0 = Debug|Any CPU
		{27DC6E9A-F09A-470C-A3E1-B98CA90FC0DF}.Release|Any CPU.ActiveCfg = Release|Any CPU
		{27DC6E9A-F09A-470C-A3E1-B98CA90FC0DF}.Release|Any CPU.Build.0 = Release|Any CPU
		{D00A5C10-DF7C-42DF-B7F8-CC8AC7996C6B}.Debug|Any CPU.ActiveCfg = Debug|Any CPU
		{D00A5C10-DF7C-42DF-B7F8-CC8AC7996C6B}.Debug|Any CPU.Build.0 = Debug|Any CPU
		{D00A5C10-DF7C-42DF-B7F8-CC8AC7996C6B}.Release|Any CPU.ActiveCfg = Release|Any CPU
		{D00A5C10-DF7C-42DF-B7F8-CC8AC7996C6B}.Release|Any CPU.Build.0 = Release|Any CPU
		{FB3E51CD-3878-4657-A615-EEB06A55AE16}.Debug|Any CPU.ActiveCfg = Debug|Any CPU
		{FB3E51CD-3878-4657-A615-EEB06A55AE16}.Debug|Any CPU.Build.0 = Debug|Any CPU
		{FB3E51CD-3878-4657-A615-EEB06A55AE16}.Release|Any CPU.ActiveCfg = Release|Any CPU
		{FB3E51CD-3878-4657-A615-EEB06A55AE16}.Release|Any CPU.Build.0 = Release|Any CPU
		{20216ECF-B8DB-4348-9A96-1F9C330BE948}.Debug|Any CPU.ActiveCfg = Debug|Any CPU
		{20216ECF-B8DB-4348-9A96-1F9C330BE948}.Debug|Any CPU.Build.0 = Debug|Any CPU
		{20216ECF-B8DB-4348-9A96-1F9C330BE948}.Release|Any CPU.ActiveCfg = Release|Any CPU
		{20216ECF-B8DB-4348-9A96-1F9C330BE948}.Release|Any CPU.Build.0 = Release|Any CPU
	EndGlobalSection
	GlobalSection(SolutionProperties) = preSolution
		HideSolutionNode = FALSE
	EndGlobalSection
	GlobalSection(ExtensibilityGlobals) = postSolution
		SolutionGuid = {9EA0BD5C-52CF-44BA-BB21-03E22CFA9E83}
	EndGlobalSection
EndGlobal
